
Microsoft Visual Studio Solution File, Format Version 12.00
# Visual Studio Version 17
VisualStudioVersion = 17.14.36429.23 d17.14
MinimumVisualStudioVersion = 10.0.40219.1
Project("{FAE04EC0-301F-11D3-BF4B-00C04F79EFBC}") = "Contact", "Contact\Contact.csproj", "{AF5DEBC6-BB08-4010-A69A-9CC239E1B712}"
EndProject
Global
	GlobalSection(SolutionConfigurationPlatforms) = preSolution
		Debug|Any CPU = Debug|Any CPU
		Release|Any CPU = Release|Any CPU
	EndGlobalSection
	GlobalSection(ProjectConfigurationPlatforms) = postSolution
		{AF5DEBC6-BB08-4010-A69A-9CC239E1B712}.Debug|Any CPU.ActiveCfg = Debug|Any CPU
		{AF5DEBC6-BB08-4010-A69A-9CC239E1B712}.Debug|Any CPU.Build.0 = Debug|Any CPU
		{AF5DEBC6-BB08-4010-A69A-9CC239E1B712}.Release|Any CPU.ActiveCfg = Release|Any CPU
		{AF5DEBC6-BB08-4010-A69A-9CC239E1B712}.Release|Any CPU.Build.0 = Release|Any CPU
	EndGlobalSection
	GlobalSection(SolutionProperties) = preSolution
		HideSolutionNode = FALSE
	EndGlobalSection
	GlobalSection(ExtensibilityGlobals) = postSolution
		SolutionGuid = {885C9E08-E19E-498D-8468-04005250668A}
	EndGlobalSection
EndGlobal
